
Microsoft Visual Studio Solution File, Format Version 12.00
# Visual Studio Version 16
VisualStudioVersion = 16.0.28803.352
MinimumVisualStudioVersion = 10.0.40219.1
Project("{9A19103F-16F7-4668-BE54-9A1E7A4F7556}") = "Presentation", "Presentation\Presentation.csproj", "{55F7D9A2-54CC-4488-98C9-B3800624B12E}"
EndProject
Project("{9A19103F-16F7-4668-BE54-9A1E7A4F7556}") = "WebApi", "WebApi\WebApi.csproj", "{72AC19AA-B13E-4244-9DD1-ADCE9F8DAB72}"
EndProject
Project("{9A19103F-16F7-4668-BE54-9A1E7A4F7556}") = "ApplicationCore", "ApplicationCore\ApplicationCore.csproj", "{A589E452-A928-41B6-9423-B24C81C6B693}"
EndProject
Project("{9A19103F-16F7-4668-BE54-9A1E7A4F7556}") = "Infrastructure", "Infrastructure\Infrastructure.csproj", "{2D389DDA-7447-4D9D-800A-03010BC97A30}"
EndProject
Project("{9A19103F-16F7-4668-BE54-9A1E7A4F7556}") = "CrossCutting", "CrossCutting\CrossCutting.csproj", "{D1FFC1F2-3C90-4BA0-A74E-BD8D40E46267}"
EndProject
Project("{2150E333-8FDC-42A3-9474-1A3956D46DE8}") = "Tests", "Tests", "{837EFE1F-1E15-4100-92AA-4F5991F14091}"
EndProject
Project("{9A19103F-16F7-4668-BE54-9A1E7A4F7556}") = "WebApi.Tests", "WebApi.Tests\WebApi.Tests.csproj", "{8DFC2EFE-7D88-404D-AC24-759047C60038}"
EndProject
Project("{9A19103F-16F7-4668-BE54-9A1E7A4F7556}") = "ApplicationCore.Tests", "ApplicationCore.Tests\ApplicationCore.Tests.csproj", "{E282624E-A03A-4F07-BCC4-979863E07373}"
EndProject
Project("{9A19103F-16F7-4668-BE54-9A1E7A4F7556}") = "Infrastructure.Tests", "Infrastructure.Tests\Infrastructure.Tests.csproj", "{D62874E7-777F-46B4-8C7A-18D0427985BF}"
EndProject
Project("{F184B08F-C81C-45F6-A57F-5ABD9991F28F}") = "LegacyWebForms", "LegacyWebForms\LegacyWebForms.vbproj", "{CD8E53D2-B177-494B-AE08-1CEEF98E43D7}"
EndProject
Global
	GlobalSection(SolutionConfigurationPlatforms) = preSolution
		Debug|Any CPU = Debug|Any CPU
		Release|Any CPU = Release|Any CPU
	EndGlobalSection
	GlobalSection(ProjectConfigurationPlatforms) = postSolution
		{55F7D9A2-54CC-4488-98C9-B3800624B12E}.Debug|Any CPU.ActiveCfg = Debug|Any CPU
		{55F7D9A2-54CC-4488-98C9-B3800624B12E}.Debug|Any CPU.Build.0 = Debug|Any CPU
		{55F7D9A2-54CC-4488-98C9-B3800624B12E}.Release|Any CPU.ActiveCfg = Release|Any CPU
		{55F7D9A2-54CC-4488-98C9-B3800624B12E}.Release|Any CPU.Build.0 = Release|Any CPU
		{72AC19AA-B13E-4244-9DD1-ADCE9F8DAB72}.Debug|Any CPU.ActiveCfg = Debug|Any CPU
		{72AC19AA-B13E-4244-9DD1-ADCE9F8DAB72}.Debug|Any CPU.Build.0 = Debug|Any CPU
		{72AC19AA-B13E-4244-9DD1-ADCE9F8DAB72}.Release|Any CPU.ActiveCfg = Release|Any CPU
		{72AC19AA-B13E-4244-9DD1-ADCE9F8DAB72}.Release|Any CPU.Build.0 = Release|Any CPU
		{A589E452-A928-41B6-9423-B24C81C6B693}.Debug|Any CPU.ActiveCfg = Debug|Any CPU
		{A589E452-A928-41B6-9423-B24C81C6B693}.Debug|Any CPU.Build.0 = Debug|Any CPU
		{A589E452-A928-41B6-9423-B24C81C6B693}.Release|Any CPU.ActiveCfg = Release|Any CPU
		{A589E452-A928-41B6-9423-B24C81C6B693}.Release|Any CPU.Build.0 = Release|Any CPU
		{2D389DDA-7447-4D9D-800A-03010BC97A30}.Debug|Any CPU.ActiveCfg = Debug|Any CPU
		{2D389DDA-7447-4D9D-800A-03010BC97A30}.Debug|Any CPU.Build.0 = Debug|Any CPU
		{2D389DDA-7447-4D9D-800A-03010BC97A30}.Release|Any CPU.ActiveCfg = Release|Any CPU
		{2D389DDA-7447-4D9D-800A-03010BC97A30}.Release|Any CPU.Build.0 = Release|Any CPU
		{D1FFC1F2-3C90-4BA0-A74E-BD8D40E46267}.Debug|Any CPU.ActiveCfg = Debug|Any CPU
		{D1FFC1F2-3C90-4BA0-A74E-BD8D40E46267}.Debug|Any CPU.Build.0 = Debug|Any CPU
		{D1FFC1F2-3C90-4BA0-A74E-BD8D40E46267}.Release|Any CPU.ActiveCfg = Release|Any CPU
		{D1FFC1F2-3C90-4BA0-A74E-BD8D40E46267}.Release|Any CPU.Build.0 = Release|Any CPU
		{8DFC2EFE-7D88-404D-AC24-759047C60038}.Debug|Any CPU.ActiveCfg = Debug|Any CPU
		{8DFC2EFE-7D88-404D-AC24-759047C60038}.Debug|Any CPU.Build.0 = Debug|Any CPU
		{8DFC2EFE-7D88-404D-AC24-759047C60038}.Release|Any CPU.ActiveCfg = Release|Any CPU
		{8DFC2EFE-7D88-404D-AC24-759047C60038}.Release|Any CPU.Build.0 = Release|Any CPU
		{E282624E-A03A-4F07-BCC4-979863E07373}.Debug|Any CPU.ActiveCfg = Debug|Any CPU
		{E282624E-A03A-4F07-BCC4-979863E07373}.Debug|Any CPU.Build.0 = Debug|Any CPU
		{E282624E-A03A-4F07-BCC4-979863E07373}.Release|Any CPU.ActiveCfg = Release|Any CPU
		{E282624E-A03A-4F07-BCC4-979863E07373}.Release|Any CPU.Build.0 = Release|Any CPU
		{D62874E7-777F-46B4-8C7A-18D0427985BF}.Debug|Any CPU.ActiveCfg = Debug|Any CPU
		{D62874E7-777F-46B4-8C7A-18D0427985BF}.Debug|Any CPU.Build.0 = Debug|Any CPU
		{D62874E7-777F-46B4-8C7A-18D0427985BF}.Release|Any CPU.ActiveCfg = Release|Any CPU
		{D62874E7-777F-46B4-8C7A-18D0427985BF}.Release|Any CPU.Build.0 = Release|Any CPU
		{CD8E53D2-B177-494B-AE08-1CEEF98E43D7}.Debug|Any CPU.ActiveCfg = Debug|Any CPU
		{CD8E53D2-B177-494B-AE08-1CEEF98E43D7}.Debug|Any CPU.Build.0 = Debug|Any CPU
		{CD8E53D2-B177-494B-AE08-1CEEF98E43D7}.Release|Any CPU.ActiveCfg = Release|Any CPU
		{CD8E53D2-B177-494B-AE08-1CEEF98E43D7}.Release|Any CPU.Build.0 = Release|Any CPU
	EndGlobalSection
	GlobalSection(SolutionProperties) = preSolution
		HideSolutionNode = FALSE
	EndGlobalSection
	GlobalSection(NestedProjects) = preSolution
		{8DFC2EFE-7D88-404D-AC24-759047C60038} = {837EFE1F-1E15-4100-92AA-4F5991F14091}
		{E282624E-A03A-4F07-BCC4-979863E07373} = {837EFE1F-1E15-4100-92AA-4F5991F14091}
		{D62874E7-777F-46B4-8C7A-18D0427985BF} = {837EFE1F-1E15-4100-92AA-4F5991F14091}
	EndGlobalSection
	GlobalSection(ExtensibilityGlobals) = postSolution
		SolutionGuid = {357041F9-C092-4F68-9663-C7FFAAE8EDEF}
	EndGlobalSection
EndGlobal
