
Microsoft Visual Studio Solution File, Format Version 12.00
# Visual Studio 15
VisualStudioVersion = 15.0.28307.329
MinimumVisualStudioVersion = 10.0.40219.1
Project("{9A19103F-16F7-4668-BE54-9A1E7A4F7556}") = "Presentation", "Musicalog\Presentation.csproj", "{55F7D9A2-54CC-4488-98C9-B3800624B12E}"
EndProject
Project("{9A19103F-16F7-4668-BE54-9A1E7A4F7556}") = "WebApi", "WebApi\WebApi.csproj", "{72AC19AA-B13E-4244-9DD1-ADCE9F8DAB72}"
EndProject
Project("{9A19103F-16F7-4668-BE54-9A1E7A4F7556}") = "ApplicationCore", "ApplicationCore\ApplicationCore.csproj", "{A589E452-A928-41B6-9423-B24C81C6B693}"
EndProject
Project("{FAE04EC0-301F-11D3-BF4B-00C04F79EFBC}") = "Infrastructure", "Infrastructure\Infrastructure.csproj", "{2D389DDA-7447-4D9D-800A-03010BC97A30}"
EndProject
Project("{FAE04EC0-301F-11D3-BF4B-00C04F79EFBC}") = "CrossCutting", "CrossCutting\CrossCutting.csproj", "{D1FFC1F2-3C90-4BA0-A74E-BD8D40E46267}"
EndProject
Project("{2150E333-8FDC-42A3-9474-1A3956D46DE8}") = "Scripts", "Scripts", "{78E49A16-E6D5-436F-A441-15E05967485F}"
	ProjectSection(SolutionItems) = preProject
		CreateTables.sql = CreateTables.sql
		Inserts.sql = Inserts.sql
	EndProjectSection
EndProject
Global
	GlobalSection(SolutionConfigurationPlatforms) = preSolution
		Debug|Any CPU = Debug|Any CPU
		Release|Any CPU = Release|Any CPU
	EndGlobalSection
	GlobalSection(ProjectConfigurationPlatforms) = postSolution
		{55F7D9A2-54CC-4488-98C9-B3800624B12E}.Debug|Any CPU.ActiveCfg = Debug|Any CPU
		{55F7D9A2-54CC-4488-98C9-B3800624B12E}.Debug|Any CPU.Build.0 = Debug|Any CPU
		{55F7D9A2-54CC-4488-98C9-B3800624B12E}.Release|Any CPU.ActiveCfg = Release|Any CPU
		{55F7D9A2-54CC-4488-98C9-B3800624B12E}.Release|Any CPU.Build.0 = Release|Any CPU
		{72AC19AA-B13E-4244-9DD1-ADCE9F8DAB72}.Debug|Any CPU.ActiveCfg = Debug|Any CPU
		{72AC19AA-B13E-4244-9DD1-ADCE9F8DAB72}.Debug|Any CPU.Build.0 = Debug|Any CPU
		{72AC19AA-B13E-4244-9DD1-ADCE9F8DAB72}.Release|Any CPU.ActiveCfg = Release|Any CPU
		{72AC19AA-B13E-4244-9DD1-ADCE9F8DAB72}.Release|Any CPU.Build.0 = Release|Any CPU
		{A589E452-A928-41B6-9423-B24C81C6B693}.Debug|Any CPU.ActiveCfg = Debug|Any CPU
		{A589E452-A928-41B6-9423-B24C81C6B693}.Debug|Any CPU.Build.0 = Debug|Any CPU
		{A589E452-A928-41B6-9423-B24C81C6B693}.Release|Any CPU.ActiveCfg = Release|Any CPU
		{A589E452-A928-41B6-9423-B24C81C6B693}.Release|Any CPU.Build.0 = Release|Any CPU
		{2D389DDA-7447-4D9D-800A-03010BC97A30}.Debug|Any CPU.ActiveCfg = Debug|Any CPU
		{2D389DDA-7447-4D9D-800A-03010BC97A30}.Debug|Any CPU.Build.0 = Debug|Any CPU
		{2D389DDA-7447-4D9D-800A-03010BC97A30}.Release|Any CPU.ActiveCfg = Release|Any CPU
		{2D389DDA-7447-4D9D-800A-03010BC97A30}.Release|Any CPU.Build.0 = Release|Any CPU
		{D1FFC1F2-3C90-4BA0-A74E-BD8D40E46267}.Debug|Any CPU.ActiveCfg = Debug|Any CPU
		{D1FFC1F2-3C90-4BA0-A74E-BD8D40E46267}.Debug|Any CPU.Build.0 = Debug|Any CPU
		{D1FFC1F2-3C90-4BA0-A74E-BD8D40E46267}.Release|Any CPU.ActiveCfg = Release|Any CPU
		{D1FFC1F2-3C90-4BA0-A74E-BD8D40E46267}.Release|Any CPU.Build.0 = Release|Any CPU
	EndGlobalSection
	GlobalSection(SolutionProperties) = preSolution
		HideSolutionNode = FALSE
	EndGlobalSection
	GlobalSection(ExtensibilityGlobals) = postSolution
		SolutionGuid = {357041F9-C092-4F68-9663-C7FFAAE8EDEF}
	EndGlobalSection
EndGlobal
